{
  "entities": {
    "EducationItem": {
      "title": "EducationItem",
      "description": "A progress tracking item for learning",
      "type": "object",
      "properties": {
        "id": {
          "type": "string",
          "description": "Unique identifier of the item"
        },
        "title": {
          "type": "string",
          "description": "Title of the subject, topic, or task"
        },
        "description": {
          "type": "string",
          "description": "Details about what is being learned"
        },
        "category": {
          "type": "string",
          "description": "Subject category (e.g., Math, Science, Language)"
        },
        "status": {
          "type": "string",
          "description": "Status of learning: not_started, in_progress, completed"
        },
        "progress": {
          "type": "number",
          "description": "Progress percentage from 0 to 100"
        },
        "userId": {
          "type": "string",
          "description": "ID of the device or user that created the item"
        },
        "groupCode": {
          "type": "string",
          "description": "Shared workspace sync code"
        },
        "createdAt": {
          "type": "string",
          "description": "Date when the item was created"
        },
        "updatedAt": {
          "type": "string",
          "description": "Date when the item was last updated"
        }
      },
      "required": ["title", "category", "status", "progress", "userId"]
    }
  },
  "firestore": {
    "/educationItems/{itemId}": {
      "schema": "EducationItem",
      "description": "Education programs and subject items tracker"
    }
  }
}
